
Microsoft Visual Studio Solution File, Format Version 12.00
# Visual Studio Version 17
VisualStudioVersion = 17.11.35312.102
MinimumVisualStudioVersion = 10.0.40219.1
Project("{FAE04EC0-301F-11D3-BF4B-00C04F79EFBC}") = "BackPredio11", "BackPredio11\BackPredio11.csproj", "{B70BCC33-6E55-48C7-9DB2-BCFE25892CDD}"
EndProject
Global
	GlobalSection(SolutionConfigurationPlatforms) = preSolution
		Debug|Any CPU = Debug|Any CPU
		Release|Any CPU = Release|Any CPU
	EndGlobalSection
	GlobalSection(ProjectConfigurationPlatforms) = postSolution
		{B70BCC33-6E55-48C7-9DB2-BCFE25892CDD}.Debug|Any CPU.ActiveCfg = Debug|Any CPU
		{B70BCC33-6E55-48C7-9DB2-BCFE25892CDD}.Debug|Any CPU.Build.0 = Debug|Any CPU
		{B70BCC33-6E55-48C7-9DB2-BCFE25892CDD}.Release|Any CPU.ActiveCfg = Release|Any CPU
		{B70BCC33-6E55-48C7-9DB2-BCFE25892CDD}.Release|Any CPU.Build.0 = Release|Any CPU
	EndGlobalSection
	GlobalSection(SolutionProperties) = preSolution
		HideSolutionNode = FALSE
	EndGlobalSection
	GlobalSection(ExtensibilityGlobals) = postSolution
		SolutionGuid = {202F5C3C-2ABB-4977-8B25-C3BF11F6AD48}
	EndGlobalSection
EndGlobal
